{"version":4,"terraform_version":"1.9.0","serial":2,"lineage":"224e93f6-1d26-cab6-177f-ce65ea417778","outputs":{},"resources":[{"mode":"data","type":"gitlab_project","name":"project","provider":"provider[\"registry.opentofu.org/gitlabhq/gitlab\"]","instances":[{"schema_version":0,"attributes":{"allow_pipeline_trigger_approve_deployment":false,"analytics_access_level":"private","archived":false,"auto_cancel_pending_pipelines":"enabled","auto_devops_deploy_strategy":"continuous","auto_devops_enabled":false,"autoclose_referenced_issues":true,"build_git_strategy":"fetch","build_timeout":3600,"builds_access_level":"private","ci_config_path":"","ci_default_git_depth":20,"ci_delete_pipelines_in_seconds":0,"ci_id_token_sub_claim_components":["project_path","ref_type","ref"],"ci_pipeline_variables_minimum_override_role":"developer","ci_restrict_pipeline_cancellation_role":"developer","ci_separated_caches":true,"container_expiration_policy":[{"cadence":"1d","enabled":false,"keep_n":10,"name_regex":".*","name_regex_delete":".*","name_regex_keep":"","next_run_at":"2025-03-31T11:46:23Z","older_than":"90d"}],"container_registry_access_level":"private","default_branch":"main","description":"","emails_enabled":true,"empty_repo":false,"environments_access_level":"private","external_authorization_classification_label":"","feature_flags_access_level":"disabled","forking_access_level":"disabled","http_url_to_repo":"https://gitlab.com/ShaneMaglangit/foreclosedhub.git","id":"68504467","import_url":"","infrastructure_access_level":"private","issues_access_level":"enabled","issues_enabled":true,"keep_latest_artifact":true,"lfs_enabled":null,"merge_commit_template":"","merge_pipelines_enabled":false,"merge_requests_access_level":"private","merge_requests_enabled":true,"merge_trains_enabled":false,"model_experiments_access_level":"disabled","model_registry_access_level":"disabled","monitor_access_level":"disabled","name":"foreclosedhub","namespace_id":58026866,"path":"foreclosedhub","path_with_namespace":"ShaneMaglangit/foreclosedhub","pipelines_enabled":true,"prevent_merge_without_jira_issue":false,"printing_merge_request_link_enabled":null,"public_builds":true,"push_rules":[{"author_email_regex":"","branch_name_regex":"","commit_committer_check":false,"commit_committer_name_check":false,"commit_message_negative_regex":"","commit_message_regex":"","deny_delete_tag":false,"file_name_regex":"","max_file_size":0,"member_check":false,"prevent_secrets":false,"reject_non_dco_commits":false,"reject_unsigned_commits":false}],"releases_access_level":"disabled","remove_source_branch_after_merge":true,"repository_access_level":"private","repository_storage":"","request_access_enabled":true,"requirements_access_level":"private","resolve_outdated_diff_discussions":false,"restrict_user_defined_variables":false,"runners_token":"GR1348941Gq6bE7dMTukMzrcCw4dn","security_and_compliance_access_level":"private","shared_with_groups":[],"snippets_access_level":"private","snippets_enabled":true,"squash_commit_template":"","ssh_url_to_repo":"git@gitlab.com:ShaneMaglangit/foreclosedhub.git","suggestion_commit_message":"","topics":[],"visibility_level":"public","web_url":"https://gitlab.com/ShaneMaglangit/foreclosedhub","wiki_access_level":"private","wiki_enabled":true},"sensitive_attributes":[]}]},{"mode":"managed","type":"vercel_project","name":"web","provider":"provider[\"registry.opentofu.org/vercel/vercel\"]","instances":[{"schema_version":0,"attributes":{"auto_assign_custom_domains":true,"automatically_expose_system_environment_variables":false,"build_command":null,"customer_success_code_visibility":false,"dev_command":null,"directory_listing":false,"enable_affected_projects_deployments":null,"environment":null,"framework":"nextjs","function_failover":false,"git_comments":null,"git_fork_protection":true,"git_lfs":false,"git_repository":{"deploy_hooks":null,"production_branch":"main","repo":"ShaneMaglangit/foreclosedhub","type":"gitlab"},"id":"prj_7lT7yHGdFoFi4csGqgqlfQpAnfQr","ignore_command":null,"install_command":null,"name":"foreclosehub","node_version":"22.x","oidc_token_config":{"enabled":false,"issuer_mode":"global"},"options_allowlist":null,"output_directory":null,"password_protection":null,"preview_comments":null,"prioritise_production_builds":false,"protection_bypass_for_automation":null,"protection_bypass_for_automation_secret":null,"public_source":null,"resource_config":{"fluid":true,"function_default_cpu_type":null,"function_default_timeout":null},"root_directory":null,"serverless_function_region":"iad1","skew_protection":null,"team_id":"team_QPIU8mbOb2FEBVlLgVES8L0a","trusted_ips":null,"vercel_authentication":{"deployment_type":"standard_protection"}},"sensitive_attributes":[[{"type":"get_attr","value":"protection_bypass_for_automation_secret"}]],"dependencies":["data.gitlab_project.project"]}]}],"check_results":null}
